// !$*UTF8*$!
{
	archiveVersion = 1;
	classes = {
	};
	objectVersion = 46;
	objects = {

/* Begin PBXBuildFile section */
		C7A78ADB183E600E008FCAB9 /* Foundation.framework in Frameworks */ = {isa = PBXBuildFile; fileRef = C7A78ADA183E600E008FCAB9 /* Foundation.framework */; };
		C7A78ADD183E600E008FCAB9 /* CoreGraphics.framework in Frameworks */ = {isa = PBXBuildFile; fileRef = C7A78ADC183E600E008FCAB9 /* CoreGraphics.framework */; };
		C7A78ADF183E600E008FCAB9 /* UIKit.framework in Frameworks */ = {isa = PBXBuildFile; fileRef = C7A78ADE183E600E008FCAB9 /* UIKit.framework */; };
		C7A78AE5183E600E008FCAB9 /* InfoPlist.strings in Resources */ = {isa = PBXBuildFile; fileRef = C7A78AE3183E600E008FCAB9 /* InfoPlist.strings */; };
		C7A78AE7183E600E008FCAB9 /* main.m in Sources */ = {isa = PBXBuildFile; fileRef = C7A78AE6183E600E008FCAB9 /* main.m */; };
		C7A78AED183E600E008FCAB9 /* Images.xcassets in Resources */ = {isa = PBXBuildFile; fileRef = C7A78AEC183E600E008FCAB9 /* Images.xcassets */; };
		C7A78B0C183E6031008FCAB9 /* PNTToolbar.m in Sources */ = {isa = PBXBuildFile; fileRef = C7A78B0B183E6031008FCAB9 /* PNTToolbar.m */; };
		C7A78B11183E606E008FCAB9 /* PNTAppDelegate.m in Sources */ = {isa = PBXBuildFile; fileRef = C7A78B0F183E606E008FCAB9 /* PNTAppDelegate.m */; };
		C7A78B15183E6090008FCAB9 /* PNTHomeViewController.m in Sources */ = {isa = PBXBuildFile; fileRef = C7A78B13183E6090008FCAB9 /* PNTHomeViewController.m */; };
		C7A78B16183E6090008FCAB9 /* PNTHomeViewController.xib in Resources */ = {isa = PBXBuildFile; fileRef = C7A78B14183E6090008FCAB9 /* PNTHomeViewController.xib */; };
/* End PBXBuildFile section */

/* Begin PBXFileReference section */
		C7A78AD7183E600E008FCAB9 /* PNTToolbarDemo.app */ = {isa = PBXFileReference; explicitFileType = wrapper.application; includeInIndex = 0; path = PNTToolbarDemo.app; sourceTree = BUILT_PRODUCTS_DIR; };
		C7A78ADA183E600E008FCAB9 /* Foundation.framework */ = {isa = PBXFileReference; lastKnownFileType = wrapper.framework; name = Foundation.framework; path = System/Library/Frameworks/Foundation.framework; sourceTree = SDKROOT; };
		C7A78ADC183E600E008FCAB9 /* CoreGraphics.framework */ = {isa = PBXFileReference; lastKnownFileType = wrapper.framework; name = CoreGraphics.framework; path = System/Library/Frameworks/CoreGraphics.framework; sourceTree = SDKROOT; };
		C7A78ADE183E600E008FCAB9 /* UIKit.framework */ = {isa = PBXFileReference; lastKnownFileType = wrapper.framework; name = UIKit.framework; path = System/Library/Frameworks/UIKit.framework; sourceTree = SDKROOT; };
		C7A78AE2183E600E008FCAB9 /* PNTToolbarDemo-Info.plist */ = {isa = PBXFileReference; lastKnownFileType = text.plist.xml; path = "PNTToolbarDemo-Info.plist"; sourceTree = "<group>"; };
		C7A78AE4183E600E008FCAB9 /* en */ = {isa = PBXFileReference; lastKnownFileType = text.plist.strings; name = en; path = en.lproj/InfoPlist.strings; sourceTree = "<group>"; };
		C7A78AE6183E600E008FCAB9 /* main.m */ = {isa = PBXFileReference; lastKnownFileType = sourcecode.c.objc; path = main.m; sourceTree = "<group>"; };
		C7A78AE8183E600E008FCAB9 /* PNTToolbarDemo-Prefix.pch */ = {isa = PBXFileReference; lastKnownFileType = sourcecode.c.h; path = "PNTToolbarDemo-Prefix.pch"; sourceTree = "<group>"; };
		C7A78AEC183E600E008FCAB9 /* Images.xcassets */ = {isa = PBXFileReference; lastKnownFileType = folder.assetcatalog; path = Images.xcassets; sourceTree = "<group>"; };
		C7A78AF3183E600E008FCAB9 /* XCTest.framework */ = {isa = PBXFileReference; lastKnownFileType = wrapper.framework; name = XCTest.framework; path = Library/Frameworks/XCTest.framework; sourceTree = DEVELOPER_DIR; };
		C7A78B0A183E6031008FCAB9 /* PNTToolbar.h */ = {isa = PBXFileReference; fileEncoding = 4; lastKnownFileType = sourcecode.c.h; path = PNTToolbar.h; sourceTree = "<group>"; };
		C7A78B0B183E6031008FCAB9 /* PNTToolbar.m */ = {isa = PBXFileReference; fileEncoding = 4; lastKnownFileType = sourcecode.c.objc; path = PNTToolbar.m; sourceTree = "<group>"; };
		C7A78B0E183E606E008FCAB9 /* PNTAppDelegate.h */ = {isa = PBXFileReference; fileEncoding = 4; lastKnownFileType = sourcecode.c.h; path = PNTAppDelegate.h; sourceTree = "<group>"; };
		C7A78B0F183E606E008FCAB9 /* PNTAppDelegate.m */ = {isa = PBXFileReference; fileEncoding = 4; lastKnownFileType = sourcecode.c.objc; path = PNTAppDelegate.m; sourceTree = "<group>"; };
		C7A78B12183E6090008FCAB9 /* PNTHomeViewController.h */ = {isa = PBXFileReference; fileEncoding = 4; lastKnownFileType = sourcecode.c.h; path = PNTHomeViewController.h; sourceTree = "<group>"; };
		C7A78B13183E6090008FCAB9 /* PNTHomeViewController.m */ = {isa = PBXFileReference; fileEncoding = 4; lastKnownFileType = sourcecode.c.objc; path = PNTHomeViewController.m; sourceTree = "<group>"; };
		C7A78B14183E6090008FCAB9 /* PNTHomeViewController.xib */ = {isa = PBXFileReference; fileEncoding = 4; lastKnownFileType = file.xib; path = PNTHomeViewController.xib; sourceTree = "<group>"; };
/* End PBXFileReference section */

/* Begin PBXFrameworksBuildPhase section */
		C7A78AD4183E600E008FCAB9 /* Frameworks */ = {
			isa = PBXFrameworksBuildPhase;
			buildActionMask = 2147483647;
			files = (
				C7A78ADD183E600E008FCAB9 /* CoreGraphics.framework in Frameworks */,
				C7A78ADF183E600E008FCAB9 /* UIKit.framework in Frameworks */,
				C7A78ADB183E600E008FCAB9 /* Foundation.framework in Frameworks */,
			);
			runOnlyForDeploymentPostprocessing = 0;
		};
/* End PBXFrameworksBuildPhase section */

/* Begin PBXGroup section */
		C7A78ACE183E600E008FCAB9 = {
			isa = PBXGroup;
			children = (
				C7A78AE0183E600E008FCAB9 /* PNTToolbarDemo */,
				C7A78AD9183E600E008FCAB9 /* Frameworks */,
				C7A78AD8183E600E008FCAB9 /* Products */,
			);
			sourceTree = "<group>";
		};
		C7A78AD8183E600E008FCAB9 /* Products */ = {
			isa = PBXGroup;
			children = (
				C7A78AD7183E600E008FCAB9 /* PNTToolbarDemo.app */,
			);
			name = Products;
			sourceTree = "<group>";
		};
		C7A78AD9183E600E008FCAB9 /* Frameworks */ = {
			isa = PBXGroup;
			children = (
				C7A78ADA183E600E008FCAB9 /* Foundation.framework */,
				C7A78ADC183E600E008FCAB9 /* CoreGraphics.framework */,
				C7A78ADE183E600E008FCAB9 /* UIKit.framework */,
				C7A78AF3183E600E008FCAB9 /* XCTest.framework */,
			);
			name = Frameworks;
			sourceTree = "<group>";
		};
		C7A78AE0183E600E008FCAB9 /* PNTToolbarDemo */ = {
			isa = PBXGroup;
			children = (
				C7A78B0D183E606E008FCAB9 /* AppDelegate */,
				C7A78B10183E606E008FCAB9 /* ViewController */,
				C7A78B09183E6031008FCAB9 /* PNTToolbar */,
				C7A78AEC183E600E008FCAB9 /* Images.xcassets */,
				C7A78AE1183E600E008FCAB9 /* Supporting Files */,
			);
			path = PNTToolbarDemo;
			sourceTree = "<group>";
		};
		C7A78AE1183E600E008FCAB9 /* Supporting Files */ = {
			isa = PBXGroup;
			children = (
				C7A78AE2183E600E008FCAB9 /* PNTToolbarDemo-Info.plist */,
				C7A78AE3183E600E008FCAB9 /* InfoPlist.strings */,
				C7A78AE6183E600E008FCAB9 /* main.m */,
				C7A78AE8183E600E008FCAB9 /* PNTToolbarDemo-Prefix.pch */,
			);
			name = "Supporting Files";
			sourceTree = "<group>";
		};
		C7A78B09183E6031008FCAB9 /* PNTToolbar */ = {
			isa = PBXGroup;
			children = (
				C7A78B0A183E6031008FCAB9 /* PNTToolbar.h */,
				C7A78B0B183E6031008FCAB9 /* PNTToolbar.m */,
			);
			path = PNTToolbar;
			sourceTree = "<group>";
		};
		C7A78B0D183E606E008FCAB9 /* AppDelegate */ = {
			isa = PBXGroup;
			children = (
				C7A78B0E183E606E008FCAB9 /* PNTAppDelegate.h */,
				C7A78B0F183E606E008FCAB9 /* PNTAppDelegate.m */,
			);
			path = AppDelegate;
			sourceTree = "<group>";
		};
		C7A78B10183E606E008FCAB9 /* ViewController */ = {
			isa = PBXGroup;
			children = (
				C7A78B12183E6090008FCAB9 /* PNTHomeViewController.h */,
				C7A78B13183E6090008FCAB9 /* PNTHomeViewController.m */,
				C7A78B14183E6090008FCAB9 /* PNTHomeViewController.xib */,
			);
			path = ViewController;
			sourceTree = "<group>";
		};
/* End PBXGroup section */

/* Begin PBXNativeTarget section */
		C7A78AD6183E600E008FCAB9 /* PNTToolbarDemo */ = {
			isa = PBXNativeTarget;
			buildConfigurationList = C7A78B03183E600E008FCAB9 /* Build configuration list for PBXNativeTarget "PNTToolbarDemo" */;
			buildPhases = (
				C7A78AD3183E600E008FCAB9 /* Sources */,
				C7A78AD4183E600E008FCAB9 /* Frameworks */,
				C7A78AD5183E600E008FCAB9 /* Resources */,
			);
			buildRules = (
			);
			dependencies = (
			);
			name = PNTToolbarDemo;
			productName = PNTToolbarDemo;
			productReference = C7A78AD7183E600E008FCAB9 /* PNTToolbarDemo.app */;
			productType = "com.apple.product-type.application";
		};
/* End PBXNativeTarget section */

/* Begin PBXProject section */
		C7A78ACF183E600E008FCAB9 /* Project object */ = {
			isa = PBXProject;
			attributes = {
				CLASSPREFIX = PNT;
				LastUpgradeCheck = 0510;
				ORGANIZATIONNAME = "Planet 1107";
			};
			buildConfigurationList = C7A78AD2183E600E008FCAB9 /* Build configuration list for PBXProject "PNTToolbarDemo" */;
			compatibilityVersion = "Xcode 3.2";
			developmentRegion = English;
			hasScannedForEncodings = 0;
			knownRegions = (
				en,
			);
			mainGroup = C7A78ACE183E600E008FCAB9;
			productRefGroup = C7A78AD8183E600E008FCAB9 /* Products */;
			projectDirPath = "";
			projectRoot = "";
			targets = (
				C7A78AD6183E600E008FCAB9 /* PNTToolbarDemo */,
			);
		};
/* End PBXProject section */

/* Begin PBXResourcesBuildPhase section */
		C7A78AD5183E600E008FCAB9 /* Resources */ = {
			isa = PBXResourcesBuildPhase;
			buildActionMask = 2147483647;
			files = (
				C7A78B16183E6090008FCAB9 /* PNTHomeViewController.xib in Resources */,
				C7A78AE5183E600E008FCAB9 /* InfoPlist.strings in Resources */,
				C7A78AED183E600E008FCAB9 /* Images.xcassets in Resources */,
			);
			runOnlyForDeploymentPostprocessing = 0;
		};
/* End PBXResourcesBuildPhase section */

/* Begin PBXSourcesBuildPhase section */
		C7A78AD3183E600E008FCAB9 /* Sources */ = {
			isa = PBXSourcesBuildPhase;
			buildActionMask = 2147483647;
			files = (
				C7A78B15183E6090008FCAB9 /* PNTHomeViewController.m in Sources */,
				C7A78AE7183E600E008FCAB9 /* main.m in Sources */,
				C7A78B11183E606E008FCAB9 /* PNTAppDelegate.m in Sources */,
				C7A78B0C183E6031008FCAB9 /* PNTToolbar.m in Sources */,
			);
			runOnlyForDeploymentPostprocessing = 0;
		};
/* End PBXSourcesBuildPhase section */

/* Begin PBXVariantGroup section */
		C7A78AE3183E600E008FCAB9 /* InfoPlist.strings */ = {
			isa = PBXVariantGroup;
			children = (
				C7A78AE4183E600E008FCAB9 /* en */,
			);
			name = InfoPlist.strings;
			sourceTree = "<group>";
		};
/* End PBXVariantGroup section */

/* Begin XCBuildConfiguration section */
		C7A78B01183E600E008FCAB9 /* Debug */ = {
			isa = XCBuildConfiguration;
			buildSettings = {
				ALWAYS_SEARCH_USER_PATHS = NO;
				CLANG_CXX_LANGUAGE_STANDARD = "gnu++0x";
				CLANG_CXX_LIBRARY = "libc++";
				CLANG_ENABLE_MODULES = YES;
				CLANG_ENABLE_OBJC_ARC = YES;
				CLANG_WARN_BOOL_CONVERSION = YES;
				CLANG_WARN_CONSTANT_CONVERSION = YES;
				CLANG_WARN_DIRECT_OBJC_ISA_USAGE = YES_ERROR;
				CLANG_WARN_EMPTY_BODY = YES;
				CLANG_WARN_ENUM_CONVERSION = YES;
				CLANG_WARN_INT_CONVERSION = YES;
				CLANG_WARN_OBJC_ROOT_CLASS = YES_ERROR;
				CLANG_WARN__DUPLICATE_METHOD_MATCH = YES;
				"CODE_SIGN_IDENTITY[sdk=iphoneos*]" = "iPhone Developer";
				COPY_PHASE_STRIP = NO;
				GCC_C_LANGUAGE_STANDARD = gnu99;
				GCC_DYNAMIC_NO_PIC = NO;
				GCC_OPTIMIZATION_LEVEL = 0;
				GCC_PREPROCESSOR_DEFINITIONS = (
					"DEBUG=1",
					"$(inherited)",
				);
				GCC_SYMBOLS_PRIVATE_EXTERN = NO;
				GCC_WARN_64_TO_32_BIT_CONVERSION = YES;
				GCC_WARN_ABOUT_RETURN_TYPE = YES_ERROR;
				GCC_WARN_UNDECLARED_SELECTOR = YES;
				GCC_WARN_UNINITIALIZED_AUTOS = YES;
				GCC_WARN_UNUSED_FUNCTION = YES;
				GCC_WARN_UNUSED_VARIABLE = YES;
				IPHONEOS_DEPLOYMENT_TARGET = 6.0;
				ONLY_ACTIVE_ARCH = YES;
				SDKROOT = iphoneos;
				TARGETED_DEVICE_FAMILY = "1,2";
			};
			name = Debug;
		};
		C7A78B02183E600E008FCAB9 /* Release */ = {
			isa = XCBuildConfiguration;
			buildSettings = {
				ALWAYS_SEARCH_USER_PATHS = NO;
				CLANG_CXX_LANGUAGE_STANDARD = "gnu++0x";
				CLANG_CXX_LIBRARY = "libc++";
				CLANG_ENABLE_MODULES = YES;
				CLANG_ENABLE_OBJC_ARC = YES;
				CLANG_WARN_BOOL_CONVERSION = YES;
				CLANG_WARN_CONSTANT_CONVERSION = YES;
				CLANG_WARN_DIRECT_OBJC_ISA_USAGE = YES_ERROR;
				CLANG_WARN_EMPTY_BODY = YES;
				CLANG_WARN_ENUM_CONVERSION = YES;
				CLANG_WARN_INT_CONVERSION = YES;
				CLANG_WARN_OBJC_ROOT_CLASS = YES_ERROR;
				CLANG_WARN__DUPLICATE_METHOD_MATCH = YES;
				"CODE_SIGN_IDENTITY[sdk=iphoneos*]" = "iPhone Developer";
				COPY_PHASE_STRIP = YES;
				ENABLE_NS_ASSERTIONS = NO;
				GCC_C_LANGUAGE_STANDARD = gnu99;
				GCC_WARN_64_TO_32_BIT_CONVERSION = YES;
				GCC_WARN_ABOUT_RETURN_TYPE = YES_ERROR;
				GCC_WARN_UNDECLARED_SELECTOR = YES;
				GCC_WARN_UNINITIALIZED_AUTOS = YES;
				GCC_WARN_UNUSED_FUNCTION = YES;
				GCC_WARN_UNUSED_VARIABLE = YES;
				IPHONEOS_DEPLOYMENT_TARGET = 6.0;
				SDKROOT = iphoneos;
				TARGETED_DEVICE_FAMILY = "1,2";
				VALIDATE_PRODUCT = YES;
			};
			name = Release;
		};
		C7A78B04183E600E008FCAB9 /* Debug */ = {
			isa = XCBuildConfiguration;
			buildSettings = {
				ASSETCATALOG_COMPILER_APPICON_NAME = AppIcon;
				ASSETCATALOG_COMPILER_LAUNCHIMAGE_NAME = LaunchImage;
				GCC_PRECOMPILE_PREFIX_HEADER = YES;
				GCC_PREFIX_HEADER = "PNTToolbarDemo/PNTToolbarDemo-Prefix.pch";
				INFOPLIST_FILE = "PNTToolbarDemo/PNTToolbarDemo-Info.plist";
				PRODUCT_NAME = "$(TARGET_NAME)";
				WRAPPER_EXTENSION = app;
			};
			name = Debug;
		};
		C7A78B05183E600E008FCAB9 /* Release */ = {
			isa = XCBuildConfiguration;
			buildSettings = {
				ASSETCATALOG_COMPILER_APPICON_NAME = AppIcon;
				ASSETCATALOG_COMPILER_LAUNCHIMAGE_NAME = LaunchImage;
				GCC_PRECOMPILE_PREFIX_HEADER = YES;
				GCC_PREFIX_HEADER = "PNTToolbarDemo/PNTToolbarDemo-Prefix.pch";
				INFOPLIST_FILE = "PNTToolbarDemo/PNTToolbarDemo-Info.plist";
				PRODUCT_NAME = "$(TARGET_NAME)";
				WRAPPER_EXTENSION = app;
			};
			name = Release;
		};
/* End XCBuildConfiguration section */

/* Begin XCConfigurationList section */
		C7A78AD2183E600E008FCAB9 /* Build configuration list for PBXProject "PNTToolbarDemo" */ = {
			isa = XCConfigurationList;
			buildConfigurations = (
				C7A78B01183E600E008FCAB9 /* Debug */,
				C7A78B02183E600E008FCAB9 /* Release */,
			);
			defaultConfigurationIsVisible = 0;
			defaultConfigurationName = Release;
		};
		C7A78B03183E600E008FCAB9 /* Build configuration list for PBXNativeTarget "PNTToolbarDemo" */ = {
			isa = XCConfigurationList;
			buildConfigurations = (
				C7A78B04183E600E008FCAB9 /* Debug */,
				C7A78B05183E600E008FCAB9 /* Release */,
			);
			defaultConfigurationIsVisible = 0;
			defaultConfigurationName = Release;
		};
/* End XCConfigurationList section */
	};
	rootObject = C7A78ACF183E600E008FCAB9 /* Project object */;
}
